{
  "name": "bug",
  "lockfileVersion": 3,
  "requires": true,
  "packages": {
    "": {
      "dependencies": {
        "@octokit/plugin-retry": "^7.0.0"
      }
    },
    "node_modules/@octokit/auth-token": {
      "version": "5.0.0",
      "resolved": "https://registry.npmjs.org/@octokit/auth-token/-/auth-token-5.0.0.tgz",
      "integrity": "sha512-JpQdKWTuu79A6YDaOfl9/HFvdhEwlRSTE/MFLGl8eU+XK6jIuqhxEftJNDpQjem1J7GLcs+4sapP1JXNPTDP/A==",
      "peer": true,
      "engines": {
        "node": ">= 18"
      }
    },
    "node_modules/@octokit/core": {
      "version": "6.0.0",
      "resolved": "https://registry.npmjs.org/@octokit/core/-/core-6.0.0.tgz",
      "integrity": "sha512-0JifUnQKGoX83rMhy5bk2QNAPcO5hjD082YZ+wjqUa509RaZIn3F5SeqbKJoc2Zh+ld7rEQmlIeJzhVamSW2Xw==",
      "peer": true,
      "dependencies": {
        "@octokit/auth-token": "^5.0.0",
        "@octokit/graphql": "^8.0.0",
        "@octokit/request": "^9.0.0",
        "@octokit/request-error": "^6.0.1",
        "@octokit/types": "^12.0.0",
        "before-after-hook": "^3.0.2",
        "universal-user-agent": "^7.0.0"
      },
      "engines": {
        "node": ">= 18"
      }
    },
    "node_modules/@octokit/endpoint": {
      "version": "10.0.0",
      "resolved": "https://registry.npmjs.org/@octokit/endpoint/-/endpoint-10.0.0.tgz",
      "integrity": "sha512-emBcNDxBdC1y3+knJonS5zhUB/CG6TihubxM2U1/pG/Z1y3a4oV0Gzz3lmkCvWWQI6h3tqBAX9MgCBFp+M68Jw==",
      "peer": true,
      "dependencies": {
        "@octokit/types": "^12.0.0",
        "universal-user-agent": "^7.0.2"
      },
      "engines": {
        "node": ">= 18"
      }
    },
    "node_modules/@octokit/graphql": {
      "version": "8.0.0",
      "resolved": "https://registry.npmjs.org/@octokit/graphql/-/graphql-8.0.0.tgz",
      "integrity": "sha512-9B2HwWSb12ldwrp6pC8BFTsSCeidW7do0lMgWNH65IXRVteN503JJSWPH1VEM+qP8+/Ka1pw3MTs+3Q6Bjqukw==",
      "peer": true,
      "dependencies": {
        "@octokit/request": "^9.0.0",
        "@octokit/types": "^12.0.0",
        "universal-user-agent": "^7.0.0"
      },
      "engines": {
        "node": ">= 18"
      }
    },
    "node_modules/@octokit/openapi-types": {
      "version": "20.0.0",
      "resolved": "https://registry.npmjs.org/@octokit/openapi-types/-/openapi-types-20.0.0.tgz",
      "integrity": "sha512-EtqRBEjp1dL/15V7WiX5LJMIxxkdiGJnabzYx5Apx4FkQIFgAfKumXeYAqqJCj1s+BMX4cPFIFC4OLCR6stlnA=="
    },
    "node_modules/@octokit/plugin-retry": {
      "version": "7.0.0",
      "resolved": "https://registry.npmjs.org/@octokit/plugin-retry/-/plugin-retry-7.0.0.tgz",
      "integrity": "sha512-F5fwomeoYSTPA/oNCrKKOColjtvaxvqQ5/egjH1rV0KOtzsYrXkh5A4HLup7zQwaV/J41N5hTzeDrmvYAb3xAQ==",
      "dependencies": {
        "@octokit/request-error": "^5.0.0",
        "@octokit/types": "^12.0.0",
        "bottleneck": "^2.15.3"
      },
      "engines": {
        "node": ">= 18"
      },
      "peerDependencies": {
        "@octokit/core": ">=6"
      }
    },
    "node_modules/@octokit/plugin-retry/node_modules/@octokit/request-error": {
      "version": "5.0.1",
      "resolved": "https://registry.npmjs.org/@octokit/request-error/-/request-error-5.0.1.tgz",
      "integrity": "sha512-X7pnyTMV7MgtGmiXBwmO6M5kIPrntOXdyKZLigNfQWSEQzVxR4a4vo49vJjTWX70mPndj8KhfT4Dx+2Ng3vnBQ==",
      "dependencies": {
        "@octokit/types": "^12.0.0",
        "deprecation": "^2.0.0",
        "once": "^1.4.0"
      },
      "engines": {
        "node": ">= 18"
      }
    },
    "node_modules/@octokit/request": {
      "version": "9.0.0",
      "resolved": "https://registry.npmjs.org/@octokit/request/-/request-9.0.0.tgz",
      "integrity": "sha512-hShsrZ40W8dz3TkyD5ifHNcrYfYpYF7Sh2x+ZKafA+eO0zNeKDTsbF1E0xrUf0mVYGeKL+NLMO5SnfAP22l05Q==",
      "peer": true,
      "dependencies": {
        "@octokit/endpoint": "^10.0.0",
        "@octokit/request-error": "^6.0.1",
        "@octokit/types": "^12.0.0",
        "universal-user-agent": "^7.0.2"
      },
      "engines": {
        "node": ">= 18"
      }
    },
    "node_modules/@octokit/request-error": {
      "version": "6.0.1",
      "resolved": "https://registry.npmjs.org/@octokit/request-error/-/request-error-6.0.1.tgz",
      "integrity": "sha512-EPeILOAEGqwmEG6g7dYlbvqkjJ5nWNcZvQpgeLEn1MieIcJ0xK0CJtvVcIMXqzIM8DOWzvI6zL5FQAwjTvk/Tg==",
      "peer": true,
      "dependencies": {
        "@octokit/types": "^12.0.0"
      },
      "engines": {
        "node": ">= 18"
      }
    },
    "node_modules/@octokit/types": {
      "version": "12.6.0",
      "resolved": "https://registry.npmjs.org/@octokit/types/-/types-12.6.0.tgz",
      "integrity": "sha512-1rhSOfRa6H9w4YwK0yrf5faDaDTb+yLyBUKOCV4xtCDB5VmIPqd/v9yr9o6SAzOAlRxMiRiCic6JVM1/kunVkw==",
      "dependencies": {
        "@octokit/openapi-types": "^20.0.0"
      }
    },
    "node_modules/before-after-hook": {
      "version": "3.0.2",
      "resolved": "https://registry.npmjs.org/before-after-hook/-/before-after-hook-3.0.2.tgz",
      "integrity": "sha512-Nik3Sc0ncrMK4UUdXQmAnRtzmNQTAAXmXIopizwZ1W1t8QmfJj+zL4OA2I7XPTPW5z5TDqv4hRo/JzouDJnX3A==",
      "peer": true
    },
    "node_modules/bottleneck": {
      "version": "2.19.5",
      "resolved": "https://registry.npmjs.org/bottleneck/-/bottleneck-2.19.5.tgz",
      "integrity": "sha512-VHiNCbI1lKdl44tGrhNfU3lup0Tj/ZBMJB5/2ZbNXRCPuRCO7ed2mgcK4r17y+KB2EfuYuRaVlwNbAeaWGSpbw=="
    },
    "node_modules/deprecation": {
      "version": "2.3.1",
      "resolved": "https://registry.npmjs.org/deprecation/-/deprecation-2.3.1.tgz",
      "integrity": "sha512-xmHIy4F3scKVwMsQ4WnVaS8bHOx0DmVwRywosKhaILI0ywMDWPtBSku2HNxRvF7jtwDRsoEwYQSfbxj8b7RlJQ=="
    },
    "node_modules/once": {
      "version": "1.4.0",
      "resolved": "https://registry.npmjs.org/once/-/once-1.4.0.tgz",
      "integrity": "sha1-WDsap3WWHUsROsF9nFC6753Xa9E=",
      "dependencies": {
        "wrappy": "1"
      }
    },
    "node_modules/universal-user-agent": {
      "version": "7.0.2",
      "resolved": "https://registry.npmjs.org/universal-user-agent/-/universal-user-agent-7.0.2.tgz",
      "integrity": "sha512-0JCqzSKnStlRRQfCdowvqy3cy0Dvtlb8xecj/H8JFZuCze4rwjPZQOgvFvn0Ws/usCHQFGpyr+pB9adaGwXn4Q==",
      "peer": true
    },
    "node_modules/wrappy": {
      "version": "1.0.2",
      "resolved": "https://registry.npmjs.org/wrappy/-/wrappy-1.0.2.tgz",
      "integrity": "sha1-tSQ9jz7BqjXxNkYFvA0QNuMKtp8="
    }
  }
}
